
Microsoft Visual Studio Solution File, Format Version 12.00
# Visual Studio 15
VisualStudioVersion = 15.0.26730.16
MinimumVisualStudioVersion = 10.0.40219.1
Project("{FAE04EC0-301F-11D3-BF4B-00C04F79EFBC}") = "SAWDocConverter", "SAWDocConverter\SAWDocConverter.csproj", "{7629F503-6527-4A54-B232-BC17FABCA59C}"
EndProject
Global
	GlobalSection(SolutionConfigurationPlatforms) = preSolution
		Debug|Any CPU = Debug|Any CPU
		Release|Any CPU = Release|Any CPU
	EndGlobalSection
	GlobalSection(ProjectConfigurationPlatforms) = postSolution
		{7629F503-6527-4A54-B232-BC17FABCA59C}.Debug|Any CPU.ActiveCfg = Debug|Any CPU
		{7629F503-6527-4A54-B232-BC17FABCA59C}.Debug|Any CPU.Build.0 = Debug|Any CPU
		{7629F503-6527-4A54-B232-BC17FABCA59C}.Release|Any CPU.ActiveCfg = Release|Any CPU
		{7629F503-6527-4A54-B232-BC17FABCA59C}.Release|Any CPU.Build.0 = Release|Any CPU
	EndGlobalSection
	GlobalSection(SolutionProperties) = preSolution
		HideSolutionNode = FALSE
	EndGlobalSection
	GlobalSection(ExtensibilityGlobals) = postSolution
		SolutionGuid = {0AD4C49A-B7C8-4AAF-BE42-CA1B83599926}
	EndGlobalSection
EndGlobal
